{
  "version": 4,
  "terraform_version": "0.12.3",
  "serial": 5,
  "lineage": "42e92fdb-dde5-d50c-3b94-89f0ccd4fd14",
  "outputs": {},
  "resources": [
    {
      "mode": "managed",
      "type": "linode_domain",
      "name": "my_wordpress_domain",
      "provider": "provider.linode",
      "instances": [
        {
          "schema_version": 0,
          "attributes": {
            "axfr_ips": null,
            "description": "",
            "domain": "wordpress.zellahost.com",
            "expire_sec": 0,
            "group": "",
            "id": "1325519",
            "master_ips": null,
            "refresh_sec": 0,
            "retry_sec": 0,
            "soa_email": "m.ali.othman@gmail.com",
            "status": "active",
            "tags": null,
            "ttl_sec": 0,
            "type": "master"
          },
          "private": "bnVsbA=="
        }
      ]
    },
    {
      "mode": "managed",
      "type": "linode_instance",
      "name": "my_wordpress_linode",
      "provider": "provider.linode",
      "instances": [
        {
          "schema_version": 0,
          "attributes": {
            "alerts": [
              {
                "cpu": 90,
                "io": 10000,
                "network_in": 10,
                "network_out": 10,
                "transfer_quota": 80
              }
            ],
            "authorized_keys": [
              "ssh-rsa AAAAB3NzaC1yc2EAAAADAQABAAABAQCl1EaU16Fs6yg9A12k7VqqBkpXXllH9jiEO76A3OmD36WHg4vS0amoLt8pxFkota1zfHk2kfVzluU9qcCSUcIKeX4D5l4gY+FHrK5PZyhgn6jUq7DV8SfNXAIWydaq0hL/sgKUEnbYrZxt3hS0H/+ksVesNT1sOku9XNneOUAjGa3/yHjc6X+Lcahh6KL0u0h10+OJibAXfxLvNqh/JbhGXLdVRZXUVP+N72RPu0YWTFN8ZiZJeAM0kMSasgkdpyN7fTTYtrMNjKBVaAGFYwTRADFsD6r+ax8h+HhNfkmrPXRlDgTjkirxHoJBOvH/3TN2PANp9G4xgPJxu9LHtlix kimo@KiMo"
            ],
            "authorized_users": null,
            "backup_id": null,
            "backups": [
              {
                "enabled": null,
                "schedule": null
              }
            ],
            "backups_enabled": null,
            "boot_config_label": "My Ubuntu 16.04 LTS Profile",
            "config": [
              {
                "comments": "",
                "devices": [
                  {
                    "sda": [
                      {
                        "disk_id": 39179574,
                        "disk_label": "Ubuntu 16.04 LTS Disk",
                        "volume_id": 0
                      }
                    ],
                    "sdb": [
                      {
                        "disk_id": 39179575,
                        "disk_label": "512 MB Swap Image",
                        "volume_id": 0
                      }
                    ],
                    "sdc": [],
                    "sdd": [],
                    "sde": [],
                    "sdf": [],
                    "sdg": [],
                    "sdh": []
                  }
                ],
                "helpers": [
                  {
                    "devtmpfs_automount": true,
                    "distro": true,
                    "modules_dep": true,
                    "network": true,
                    "updatedb_disabled": true
                  }
                ],
                "kernel": "linode/grub2",
                "label": "My Ubuntu 16.04 LTS Profile",
                "memory_limit": 0,
                "root_device": "/dev/sda",
                "run_level": "default",
                "virt_mode": "paravirt"
              }
            ],
            "disk": [
              {
                "authorized_keys": [],
                "authorized_users": [],
                "filesystem": "ext4",
                "id": 39179574,
                "image": "",
                "label": "Ubuntu 16.04 LTS Disk",
                "read_only": false,
                "root_pass": "",
                "size": 50688,
                "stackscript_data": {},
                "stackscript_id": 0
              },
              {
                "authorized_keys": [],
                "authorized_users": [],
                "filesystem": "swap",
                "id": 39179575,
                "image": "",
                "label": "512 MB Swap Image",
                "read_only": false,
                "root_pass": "",
                "size": 512,
                "stackscript_data": {},
                "stackscript_id": 0
              }
            ],
            "group": "",
            "id": "19131154",
            "image": "linode/ubuntu16.04lts",
            "ip_address": "45.33.83.67",
            "ipv4": [
              "45.33.83.67"
            ],
            "ipv6": "2600:3c03::f03c:92ff:fe16:c922/64",
            "label": "wp-linode",
            "private_ip": false,
            "private_ip_address": null,
            "region": "us-east",
            "root_pass": "GmjFQbqvp9cg7+N+f8CEUgH1W91GyYpjTAPapCOjlGt4HHLQRCWmmlDYPqIR3zdtOCXXfa0vBNv12psW3A0o+w==",
            "specs": [
              {
                "disk": 51200,
                "memory": 2048,
                "transfer": 2000,
                "vcpus": 1
              }
            ],
            "stackscript_data": {
              "db_password": "Zella@123",
              "dbuser": "zella_web",
              "dbuser_password": "zella@123",
              "hostname": "wordpress.zellahost.com",
              "sspassword": "zella@123",
              "ssuser": "ali",
              "website": "wordpress.zellahost.com"
            },
            "stackscript_id": 81736,
            "status": "running",
            "swap_size": 512,
            "tags": null,
            "timeouts": null,
            "type": "g6-standard-1",
            "watchdog_enabled": true
          },
          "private": "eyJlMmJmYjczMC1lY2FhLTExZTYtOGY4OC0zNDM2M2JjN2M0YzAiOnsiY3JlYXRlIjo2MDAwMDAwMDAwMDAsImRlbGV0ZSI6NjAwMDAwMDAwMDAwLCJ1cGRhdGUiOjEyMDAwMDAwMDAwMDB9fQ==",
          "depends_on": [
            "linode_sshkey.my_wordpress_linode_ssh_key",
            "random_string.my_wordpress_linode_root_password"
          ]
        }
      ]
    },
    {
      "mode": "managed",
      "type": "linode_sshkey",
      "name": "my_wordpress_linode_ssh_key",
      "provider": "provider.linode",
      "instances": [
        {
          "schema_version": 0,
          "attributes": {
            "created": "2020-01-17T17:27:02Z",
            "id": "29738",
            "label": "my_ssh_key",
            "ssh_key": "ssh-rsa AAAAB3NzaC1yc2EAAAADAQABAAABAQCl1EaU16Fs6yg9A12k7VqqBkpXXllH9jiEO76A3OmD36WHg4vS0amoLt8pxFkota1zfHk2kfVzluU9qcCSUcIKeX4D5l4gY+FHrK5PZyhgn6jUq7DV8SfNXAIWydaq0hL/sgKUEnbYrZxt3hS0H/+ksVesNT1sOku9XNneOUAjGa3/yHjc6X+Lcahh6KL0u0h10+OJibAXfxLvNqh/JbhGXLdVRZXUVP+N72RPu0YWTFN8ZiZJeAM0kMSasgkdpyN7fTTYtrMNjKBVaAGFYwTRADFsD6r+ax8h+HhNfkmrPXRlDgTjkirxHoJBOvH/3TN2PANp9G4xgPJxu9LHtlix kimo@KiMo"
          },
          "private": "bnVsbA=="
        }
      ]
    },
    {
      "mode": "managed",
      "type": "random_string",
      "name": "my_wordpress_linode_root_password",
      "provider": "provider.random",
      "instances": [
        {
          "schema_version": 1,
          "attributes": {
            "id": "o\u003eNV_QJFM\u003cpKSIriZ5MAU%rJtMGKmL=[",
            "keepers": null,
            "length": 32,
            "lower": true,
            "min_lower": 0,
            "min_numeric": 0,
            "min_special": 0,
            "min_upper": 0,
            "number": true,
            "override_special": null,
            "result": "o\u003eNV_QJFM\u003cpKSIriZ5MAU%rJtMGKmL=[",
            "special": true,
            "upper": true
          },
          "private": "eyJzY2hlbWFfdmVyc2lvbiI6IjEifQ=="
        }
      ]
    }
  ]
}
